
Microsoft Visual Studio Solution File, Format Version 12.00
# Visual Studio Version 17
VisualStudioVersion = 17.11.35222.181
MinimumVisualStudioVersion = 10.0.40219.1
Project("{FAE04EC0-301F-11D3-BF4B-00C04F79EFBC}") = "DemoWebAPISalesDB", "DemoWebAPISalesDB\DemoWebAPISalesDB.csproj", "{6E4E5E10-A963-4691-B898-B7773283A457}"
EndProject
Global
	GlobalSection(SolutionConfigurationPlatforms) = preSolution
		Debug|Any CPU = Debug|Any CPU
		Release|Any CPU = Release|Any CPU
	EndGlobalSection
	GlobalSection(ProjectConfigurationPlatforms) = postSolution
		{6E4E5E10-A963-4691-B898-B7773283A457}.Debug|Any CPU.ActiveCfg = Debug|Any CPU
		{6E4E5E10-A963-4691-B898-B7773283A457}.Debug|Any CPU.Build.0 = Debug|Any CPU
		{6E4E5E10-A963-4691-B898-B7773283A457}.Release|Any CPU.ActiveCfg = Release|Any CPU
		{6E4E5E10-A963-4691-B898-B7773283A457}.Release|Any CPU.Build.0 = Release|Any CPU
	EndGlobalSection
	GlobalSection(SolutionProperties) = preSolution
		HideSolutionNode = FALSE
	EndGlobalSection
	GlobalSection(ExtensibilityGlobals) = postSolution
		SolutionGuid = {93A811EE-BFFD-4215-9C5D-FEA1EE4B2EFD}
	EndGlobalSection
EndGlobal
