
Microsoft Visual Studio Solution File, Format Version 12.00
# Visual Studio Version 17
VisualStudioVersion = 17.11.35222.181
MinimumVisualStudioVersion = 10.0.40219.1
Project("{FAE04EC0-301F-11D3-BF4B-00C04F79EFBC}") = "MusicAPI_PracticeProject", "MusicAPI_PracticeProject\MusicAPI_PracticeProject.csproj", "{BB36D1C2-5BB8-467D-A97C-A9C9C57DD711}"
EndProject
Global
	GlobalSection(SolutionConfigurationPlatforms) = preSolution
		Debug|Any CPU = Debug|Any CPU
		Release|Any CPU = Release|Any CPU
	EndGlobalSection
	GlobalSection(ProjectConfigurationPlatforms) = postSolution
		{BB36D1C2-5BB8-467D-A97C-A9C9C57DD711}.Debug|Any CPU.ActiveCfg = Debug|Any CPU
		{BB36D1C2-5BB8-467D-A97C-A9C9C57DD711}.Debug|Any CPU.Build.0 = Debug|Any CPU
		{BB36D1C2-5BB8-467D-A97C-A9C9C57DD711}.Release|Any CPU.ActiveCfg = Release|Any CPU
		{BB36D1C2-5BB8-467D-A97C-A9C9C57DD711}.Release|Any CPU.Build.0 = Release|Any CPU
	EndGlobalSection
	GlobalSection(SolutionProperties) = preSolution
		HideSolutionNode = FALSE
	EndGlobalSection
	GlobalSection(ExtensibilityGlobals) = postSolution
		SolutionGuid = {D954F43D-A130-4626-8DB0-1D612ECB8753}
	EndGlobalSection
EndGlobal
